
Microsoft Visual Studio Solution File, Format Version 12.00
# Visual Studio Version 17
VisualStudioVersion = 17.8.34511.84
MinimumVisualStudioVersion = 10.0.40219.1
Project("{FAE04EC0-301F-11D3-BF4B-00C04F79EFBC}") = "SpaceRace2332", "SpaceRace2332.csproj", "{D081D80C-5127-4132-990F-5675E16B8258}"
EndProject
Global
	GlobalSection(SolutionConfigurationPlatforms) = preSolution
		Debug|Any CPU = Debug|Any CPU
		Release|Any CPU = Release|Any CPU
	EndGlobalSection
	GlobalSection(ProjectConfigurationPlatforms) = postSolution
		{D081D80C-5127-4132-990F-5675E16B8258}.Debug|Any CPU.ActiveCfg = Debug|Any CPU
		{D081D80C-5127-4132-990F-5675E16B8258}.Debug|Any CPU.Build.0 = Debug|Any CPU
		{D081D80C-5127-4132-990F-5675E16B8258}.Release|Any CPU.ActiveCfg = Release|Any CPU
		{D081D80C-5127-4132-990F-5675E16B8258}.Release|Any CPU.Build.0 = Release|Any CPU
	EndGlobalSection
	GlobalSection(SolutionProperties) = preSolution
		HideSolutionNode = FALSE
	EndGlobalSection
	GlobalSection(ExtensibilityGlobals) = postSolution
		SolutionGuid = {550E6F00-D61C-4CE5-8E41-2E9B3602FB29}
	EndGlobalSection
EndGlobal
